github.com/PuerkitoBio/goquery v1.8.0 h1:a+Tf5bhyoguw6PvqNHHXJe0PZSTbgkxKm1uQuqw5zOs=
github.com/PuerkitoBio/goquery v1.8.0/go.mod h1:/IkBFxCl83i0tHiHh1uc4LrL6kyW3Z/x+psJMGxOmzw=
github.com/andybalholm/cascadia v1.3.1 h1:HJxxj1FSI/AFSZE97o75JSMnlU+HClbV+qL6ytlgJJE=
github.com/andybalholm/cascadia v1.3.1/go.mod h1:msXQ9eyRMAsuUSHe/3qJi13njK16Zz4tGeZ2PnBC/mA=
github.com/antchfx/htmlquery v1.2.3 h1:d5J4wVQ5Ky+70isF8aZozco7XU+aM48XX6BixH7aALU=
github.com/antchfx/htmlquery v1.2.3/go.mod h1:fHyecmln4rG1F6HdKXWTUwsztY2pqEVTAnlCps4ZJmg=
github.com/antchfx/xmlquery v1.3.12 h1:pmlU9Kv0oE+p3pJy3E3EwrVUl1DnEoqpzz4KkNE1sfY=
github.com/antchfx/xmlquery v1.3.12/go.mod h1:U9BrUtvhRnu8+zV7xZK5+x8bC0VIX8q14hQC9xKX8gg=
github.com/lestrrat-go/iter v1.0.3 h1:V10nSZBGtHc+S5XlqtWe27GzMYWHaUZ+XkHAcDmFKtI=
github.com/lestrrat-go/iter v1.0.3/go.mod h1:6kX9+EQMlfIlX5VHLptQOj61nRAtIpFUOnFVyJf3/34=
github.com/lestrrat-go/option v1.0.0 h1:DOL1U2cSULth/CBPpNCJNlgnNVV2K8S5qkRvcJlJPJo=
github.com/lestrrat-go/option v1.0.0/go.mod h1:MBE5qHsk6+vH6HzIXzTvUzGidSy1eRHJiaK0tUSUc30=
github.com/mattn/go-isatty v0.0.17 h1:6YUeJyF3jE5c2ymtP9eEKaPRXl9/iT3F2KY5Rn7P+zA=
github.com/mattn/go-isatty v0.0.17/go.mod h1:UcSAuVPEw8Bs6kI2x1G9QRpb8CdgLG1q9UAc1mZ8rKM=
github.com/olekukonko/tablewriter v0.0.5 h1:5XTk3w6vDJZsRw3ajSnxS0aVd66E3ejMsDIm4N2ViRM=
github.com/olekukonko/tablewriter v0.0.5/go.mod h1:XwwAB0B3MOB/q6IXyFAZ4M6bRG0clWoeunw5dNHDW70=
github.com/pkg/errors v0.9.1 h1:FEBLx1zIRUfhwf6UHB8jyVZLqVn5nY3l6x6a+SNUDh4=
github.com/pkg/errors v0.9.1/go.mod h1:MW7wXGiH2xnMmqDH0+pwuvLs3rLZR0gqsGo/1jk6Crs=
github.com/sashabaranov/go-openai v1.3.0 h1:/ezftcKg/KCIiIEMckuMRTWuy97Pz1Y3eYPNtS5rnVU=
github.com/sashabaranov/go-openai v1.3.0/go.mod h1:zla7K3+clnPCeNV62/vKQzkpuEpyiS0oGhf8khkXG54=
github.com/tidwall/gjson v1.13.7 h1:OGYEA2XzHMFYDRcIDeCLq3YFJYruUMHsmYH3gB9I0RA=
github.com/tidwall/gjson v1.13.7/go.mod h1:Nx6zKX59VCT5y+bK3RGk/hYxCfnplThXRp5U1+X1EW0=
github.com/trietmn/go-wiki v0.2.2 h1:ObrIUPZ05P1SXQFZd1NjZQhkXtfPOxGp0r5nIimG6DY=
github.com/trietmn/go-wiki v0.2.2/go.mod h1:kSMyLVa6ephYK1Mn4KXxFc6L0xw5O09vMBAbdPCijyM=
github.com/valyala/fasttemplate v1.2.1 h1:2eBPUtfnWDJ0FclxSnv1xdLr8hJNRWfaJ9Vx2gEB0VQ=
github.com/valyala/fasttemplate v1.2.1/go.mod h1:Y+ctTfU2l0rmx3xWZXvDEebdbfJuf6e3afPX5d5uPdw=
golang.org/x/crypto v0.12.0 h1:oUZ8W0CvHe8uW34++NqZ/uIrtHRi8XHdItmRFFKKYmY=
golang.org/x/crypto v0.12.0/go.mod h1:xqRuRhABrL0GLqGJEcOQ3+rAXo0+bxpRFN+M47U8SBY=
golang.org/x/net v0.16.0 h1:3Y9Y9VL48yrETM8sQvDsxPV+kDSg5kgkBT2QoYf8p+c=
golang.org/x/net v0.16.0/go.mod h1:ocqZbGVX3GBmnGXtcfkKmsIojqUMkB/wtjYgsyFp7g8=
golang.org/x/oauth2 v0.10.0 h1:NqqDSYkGBL4B2uxJp6lWGzHAl8Wyy9wJbkLlnNvgA/c=
golang.org/x/oauth2 v0.10.0/go.mod h1:LMahzwUFgmuc1Z0aQm0w3Z9gwbYmSLw+9WvGbnkLkHE=
golang.org/x/sys v0.11.0 h1:pGxn5g6G1DGFLJ8YHLn7VM9qE+JJHcbgjpLD0scXGmw=
golang.org/x/sys v0.11.0/go.mod h1:0vRFE6ajXx++pmMYewol3iVxwvYu6RVE3w4HvSnsz/8=
maunium.net/go/mautrix v0.10.1 h1:cJnpDZtVimFDEY4/yXLr03qH9QtEoENYJNrFvoF4sDA=
maunium.net/go/mautrix v0.10.1/go.mod h1:6RqIluCq6yToYEqonbzUpQie1N8Y5kZNWjKrJy7ZrjY=
